{
  "requires": true,
  "lockfileVersion": 1,
  "dependencies": {
    "@mdi/font": {
      "version": "4.5.95",
      "resolved": "https://registry.npmjs.org/@mdi/font/-/font-4.5.95.tgz",
      "integrity": "sha512-AjR2Zgu1feBXWlTfEjD6JQqLAMCqYn2Gzia5PWqFnysvz5F6JmPHtQFldIHXqyv2s/FwME7ZDBc5N86NEHbyvQ==",
      "dev": true
    },
    "bulma": {
      "version": "0.8.0",
      "resolved": "https://registry.npmjs.org/bulma/-/bulma-0.8.0.tgz",
      "integrity": "sha512-nhf3rGyiZh/VM7FrSJ/5KeLlfaFkXz0nYcXriynfPH4vVpnxnqyEwaNGdNCVzHyyCA3cHgkQAMpdF/SFbFGZfA==",
      "dev": true
    },
    "bulma-timeline": {
      "version": "3.0.4",
      "resolved": "https://registry.npmjs.org/bulma-timeline/-/bulma-timeline-3.0.4.tgz",
      "integrity": "sha512-gCUOcSUuzHoeVMkCpLF49j5Z5yl78XQ+KgJcT+1ju5WIGgBgVytRUob/dw5NHAxPLO2rmcvwYNbCJFp7w4WT4Q==",
      "dev": true
    }
  }
}
